
Microsoft Visual Studio Solution File, Format Version 12.00
# Visual Studio Version 16
VisualStudioVersion = 16.0.809.7
MinimumVisualStudioVersion = 10.0.40219.1
Project("{FAE04EC0-301F-11D3-BF4B-00C04F79EFBC}") = "PinMameSilk", "src\PinMameSilk\PinMameSilk.csproj", "{B93277ED-7008-4EDB-BC75-9F2F192F12AE}"
EndProject
Global
	GlobalSection(SolutionConfigurationPlatforms) = preSolution
		Debug|Any CPU = Debug|Any CPU
		Release|Any CPU = Release|Any CPU
	EndGlobalSection
	GlobalSection(ProjectConfigurationPlatforms) = postSolution
		{B93277ED-7008-4EDB-BC75-9F2F192F12AE}.Debug|Any CPU.ActiveCfg = Debug|Any CPU
		{B93277ED-7008-4EDB-BC75-9F2F192F12AE}.Debug|Any CPU.Build.0 = Debug|Any CPU
		{B93277ED-7008-4EDB-BC75-9F2F192F12AE}.Release|Any CPU.ActiveCfg = Release|Any CPU
		{B93277ED-7008-4EDB-BC75-9F2F192F12AE}.Release|Any CPU.Build.0 = Release|Any CPU
	EndGlobalSection
	GlobalSection(SolutionProperties) = preSolution
		HideSolutionNode = FALSE
	EndGlobalSection
	GlobalSection(ExtensibilityGlobals) = postSolution
		SolutionGuid = {348CE2C1-F0C1-4096-AFD0-C8009EA2C589}
	EndGlobalSection
EndGlobal
